// !$*UTF8*$!
{
	archiveVersion = 1;
	classes = {
	};
	objectVersion = 46;
	objects = {

/* Begin PBXBuildFile section */
		208569B41D18E9AD00BF2280 /* AppDelegate.swift in Sources */ = {isa = PBXBuildFile; fileRef = 208569B31D18E9AD00BF2280 /* AppDelegate.swift */; };
		208569B61D18E9AD00BF2280 /* ViewController.swift in Sources */ = {isa = PBXBuildFile; fileRef = 208569B51D18E9AD00BF2280 /* ViewController.swift */; };
		208569B91D18E9AD00BF2280 /* Main.storyboard in Resources */ = {isa = PBXBuildFile; fileRef = 208569B71D18E9AD00BF2280 /* Main.storyboard */; };
		208569BB1D18E9AD00BF2280 /* Assets.xcassets in Resources */ = {isa = PBXBuildFile; fileRef = 208569BA1D18E9AD00BF2280 /* Assets.xcassets */; };
		208569BE1D18E9AD00BF2280 /* LaunchScreen.storyboard in Resources */ = {isa = PBXBuildFile; fileRef = 208569BC1D18E9AD00BF2280 /* LaunchScreen.storyboard */; };
/* End PBXBuildFile section */

/* Begin PBXFileReference section */
		208569B01D18E9AD00BF2280 /* My-Hood.app */ = {isa = PBXFileReference; explicitFileType = wrapper.application; includeInIndex = 0; path = "My-Hood.app"; sourceTree = BUILT_PRODUCTS_DIR; };
		208569B31D18E9AD00BF2280 /* AppDelegate.swift */ = {isa = PBXFileReference; lastKnownFileType = sourcecode.swift; path = AppDelegate.swift; sourceTree = "<group>"; };
		208569B51D18E9AD00BF2280 /* ViewController.swift */ = {isa = PBXFileReference; lastKnownFileType = sourcecode.swift; path = ViewController.swift; sourceTree = "<group>"; };
		208569B81D18E9AD00BF2280 /* Base */ = {isa = PBXFileReference; lastKnownFileType = file.storyboard; name = Base; path = Base.lproj/Main.storyboard; sourceTree = "<group>"; };
		208569BA1D18E9AD00BF2280 /* Assets.xcassets */ = {isa = PBXFileReference; lastKnownFileType = folder.assetcatalog; path = Assets.xcassets; sourceTree = "<group>"; };
		208569BD1D18E9AD00BF2280 /* Base */ = {isa = PBXFileReference; lastKnownFileType = file.storyboard; name = Base; path = Base.lproj/LaunchScreen.storyboard; sourceTree = "<group>"; };
		208569BF1D18E9AD00BF2280 /* Info.plist */ = {isa = PBXFileReference; lastKnownFileType = text.plist.xml; path = Info.plist; sourceTree = "<group>"; };
/* End PBXFileReference section */

/* Begin PBXFrameworksBuildPhase section */
		208569AD1D18E9AD00BF2280 /* Frameworks */ = {
			isa = PBXFrameworksBuildPhase;
			buildActionMask = 2147483647;
			files = (
			);
			runOnlyForDeploymentPostprocessing = 0;
		};
/* End PBXFrameworksBuildPhase section */

/* Begin PBXGroup section */
		208569A71D18E9AD00BF2280 = {
			isa = PBXGroup;
			children = (
				208569B21D18E9AD00BF2280 /* My-Hood */,
				208569B11D18E9AD00BF2280 /* Products */,
			);
			sourceTree = "<group>";
		};
		208569B11D18E9AD00BF2280 /* Products */ = {
			isa = PBXGroup;
			children = (
				208569B01D18E9AD00BF2280 /* My-Hood.app */,
			);
			name = Products;
			sourceTree = "<group>";
		};
		208569B21D18E9AD00BF2280 /* My-Hood */ = {
			isa = PBXGroup;
			children = (
				208569B31D18E9AD00BF2280 /* AppDelegate.swift */,
				208569B51D18E9AD00BF2280 /* ViewController.swift */,
				208569B71D18E9AD00BF2280 /* Main.storyboard */,
				208569BA1D18E9AD00BF2280 /* Assets.xcassets */,
				208569BC1D18E9AD00BF2280 /* LaunchScreen.storyboard */,
				208569BF1D18E9AD00BF2280 /* Info.plist */,
			);
			path = "My-Hood";
			sourceTree = "<group>";
		};
/* End PBXGroup section */

/* Begin PBXNativeTarget section */
		208569AF1D18E9AD00BF2280 /* My-Hood */ = {
			isa = PBXNativeTarget;
			buildConfigurationList = 208569C21D18E9AD00BF2280 /* Build configuration list for PBXNativeTarget "My-Hood" */;
			buildPhases = (
				208569AC1D18E9AD00BF2280 /* Sources */,
				208569AD1D18E9AD00BF2280 /* Frameworks */,
				208569AE1D18E9AD00BF2280 /* Resources */,
			);
			buildRules = (
			);
			dependencies = (
			);
			name = "My-Hood";
			productName = "My-Hood";
			productReference = 208569B01D18E9AD00BF2280 /* My-Hood.app */;
			productType = "com.apple.product-type.application";
		};
/* End PBXNativeTarget section */

/* Begin PBXProject section */
		208569A81D18E9AD00BF2280 /* Project object */ = {
			isa = PBXProject;
			attributes = {
				LastSwiftUpdateCheck = 0730;
				LastUpgradeCheck = 0730;
				ORGANIZATIONNAME = "Stuart Hoffman";
				TargetAttributes = {
					208569AF1D18E9AD00BF2280 = {
						CreatedOnToolsVersion = 7.3;
					};
				};
			};
			buildConfigurationList = 208569AB1D18E9AD00BF2280 /* Build configuration list for PBXProject "My-Hood" */;
			compatibilityVersion = "Xcode 3.2";
			developmentRegion = English;
			hasScannedForEncodings = 0;
			knownRegions = (
				en,
				Base,
			);
			mainGroup = 208569A71D18E9AD00BF2280;
			productRefGroup = 208569B11D18E9AD00BF2280 /* Products */;
			projectDirPath = "";
			projectRoot = "";
			targets = (
				208569AF1D18E9AD00BF2280 /* My-Hood */,
			);
		};
/* End PBXProject section */

/* Begin PBXResourcesBuildPhase section */
		208569AE1D18E9AD00BF2280 /* Resources */ = {
			isa = PBXResourcesBuildPhase;
			buildActionMask = 2147483647;
			files = (
				208569BE1D18E9AD00BF2280 /* LaunchScreen.storyboard in Resources */,
				208569BB1D18E9AD00BF2280 /* Assets.xcassets in Resources */,
				208569B91D18E9AD00BF2280 /* Main.storyboard in Resources */,
			);
			runOnlyForDeploymentPostprocessing = 0;
		};
/* End PBXResourcesBuildPhase section */

/* Begin PBXSourcesBuildPhase section */
		208569AC1D18E9AD00BF2280 /* Sources */ = {
			isa = PBXSourcesBuildPhase;
			buildActionMask = 2147483647;
			files = (
				208569B61D18E9AD00BF2280 /* ViewController.swift in Sources */,
				208569B41D18E9AD00BF2280 /* AppDelegate.swift in Sources */,
			);
			runOnlyForDeploymentPostprocessing = 0;
		};
/* End PBXSourcesBuildPhase section */

/* Begin PBXVariantGroup section */
		208569B71D18E9AD00BF2280 /* Main.storyboard */ = {
			isa = PBXVariantGroup;
			children = (
				208569B81D18E9AD00BF2280 /* Base */,
			);
			name = Main.storyboard;
			sourceTree = "<group>";
		};
		208569BC1D18E9AD00BF2280 /* LaunchScreen.storyboard */ = {
			isa = PBXVariantGroup;
			children = (
				208569BD1D18E9AD00BF2280 /* Base */,
			);
			name = LaunchScreen.storyboard;
			sourceTree = "<group>";
		};
/* End PBXVariantGroup section */

/* Begin XCBuildConfiguration section */
		208569C01D18E9AD00BF2280 /* Debug */ = {
			isa = XCBuildConfiguration;
			buildSettings = {
				ALWAYS_SEARCH_USER_PATHS = NO;
				CLANG_ANALYZER_NONNULL = YES;
				CLANG_CXX_LANGUAGE_STANDARD = "gnu++0x";
				CLANG_CXX_LIBRARY = "libc++";
				CLANG_ENABLE_MODULES = YES;
				CLANG_ENABLE_OBJC_ARC = YES;
				CLANG_WARN_BOOL_CONVERSION = YES;
				CLANG_WARN_CONSTANT_CONVERSION = YES;
				CLANG_WARN_DIRECT_OBJC_ISA_USAGE = YES_ERROR;
				CLANG_WARN_EMPTY_BODY = YES;
				CLANG_WARN_ENUM_CONVERSION = YES;
				CLANG_WARN_INT_CONVERSION = YES;
				CLANG_WARN_OBJC_ROOT_CLASS = YES_ERROR;
				CLANG_WARN_UNREACHABLE_CODE = YES;
				CLANG_WARN__DUPLICATE_METHOD_MATCH = YES;
				"CODE_SIGN_IDENTITY[sdk=iphoneos*]" = "iPhone Developer";
				COPY_PHASE_STRIP = NO;
				DEBUG_INFORMATION_FORMAT = dwarf;
				ENABLE_STRICT_OBJC_MSGSEND = YES;
				ENABLE_TESTABILITY = YES;
				GCC_C_LANGUAGE_STANDARD = gnu99;
				GCC_DYNAMIC_NO_PIC = NO;
				GCC_NO_COMMON_BLOCKS = YES;
				GCC_OPTIMIZATION_LEVEL = 0;
				GCC_PREPROCESSOR_DEFINITIONS = (
					"DEBUG=1",
					"$(inherited)",
				);
				GCC_WARN_64_TO_32_BIT_CONVERSION = YES;
				GCC_WARN_ABOUT_RETURN_TYPE = YES_ERROR;
				GCC_WARN_UNDECLARED_SELECTOR = YES;
				GCC_WARN_UNINITIALIZED_AUTOS = YES_AGGRESSIVE;
				GCC_WARN_UNUSED_FUNCTION = YES;
				GCC_WARN_UNUSED_VARIABLE = YES;
				IPHONEOS_DEPLOYMENT_TARGET = 9.3;
				MTL_ENABLE_DEBUG_INFO = YES;
				ONLY_ACTIVE_ARCH = YES;
				SDKROOT = iphoneos;
				SWIFT_OPTIMIZATION_LEVEL = "-Onone";
				TARGETED_DEVICE_FAMILY = "1,2";
			};
			name = Debug;
		};
		208569C11D18E9AD00BF2280 /* Release */ = {
			isa = XCBuildConfiguration;
			buildSettings = {
				ALWAYS_SEARCH_USER_PATHS = NO;
				CLANG_ANALYZER_NONNULL = YES;
				CLANG_CXX_LANGUAGE_STANDARD = "gnu++0x";
				CLANG_CXX_LIBRARY = "libc++";
				CLANG_ENABLE_MODULES = YES;
				CLANG_ENABLE_OBJC_ARC = YES;
				CLANG_WARN_BOOL_CONVERSION = YES;
				CLANG_WARN_CONSTANT_CONVERSION = YES;
				CLANG_WARN_DIRECT_OBJC_ISA_USAGE = YES_ERROR;
				CLANG_WARN_EMPTY_BODY = YES;
				CLANG_WARN_ENUM_CONVERSION = YES;
				CLANG_WARN_INT_CONVERSION = YES;
				CLANG_WARN_OBJC_ROOT_CLASS = YES_ERROR;
				CLANG_WARN_UNREACHABLE_CODE = YES;
				CLANG_WARN__DUPLICATE_METHOD_MATCH = YES;
				"CODE_SIGN_IDENTITY[sdk=iphoneos*]" = "iPhone Developer";
				COPY_PHASE_STRIP = NO;
				DEBUG_INFORMATION_FORMAT = "dwarf-with-dsym";
				ENABLE_NS_ASSERTIONS = NO;
				ENABLE_STRICT_OBJC_MSGSEND = YES;
				GCC_C_LANGUAGE_STANDARD = gnu99;
				GCC_NO_COMMON_BLOCKS = YES;
				GCC_WARN_64_TO_32_BIT_CONVERSION = YES;
				GCC_WARN_ABOUT_RETURN_TYPE = YES_ERROR;
				GCC_WARN_UNDECLARED_SELECTOR = YES;
				GCC_WARN_UNINITIALIZED_AUTOS = YES_AGGRESSIVE;
				GCC_WARN_UNUSED_FUNCTION = YES;
				GCC_WARN_UNUSED_VARIABLE = YES;
				IPHONEOS_DEPLOYMENT_TARGET = 9.3;
				MTL_ENABLE_DEBUG_INFO = NO;
				SDKROOT = iphoneos;
				TARGETED_DEVICE_FAMILY = "1,2";
				VALIDATE_PRODUCT = YES;
			};
			name = Release;
		};
		208569C31D18E9AD00BF2280 /* Debug */ = {
			isa = XCBuildConfiguration;
			buildSettings = {
				ASSETCATALOG_COMPILER_APPICON_NAME = AppIcon;
				INFOPLIST_FILE = "My-Hood/Info.plist";
				LD_RUNPATH_SEARCH_PATHS = "$(inherited) @executable_path/Frameworks";
				PRODUCT_BUNDLE_IDENTIFIER = "com.hoffman.My-Hood";
				PRODUCT_NAME = "$(TARGET_NAME)";
			};
			name = Debug;
		};
		208569C41D18E9AD00BF2280 /* Release */ = {
			isa = XCBuildConfiguration;
			buildSettings = {
				ASSETCATALOG_COMPILER_APPICON_NAME = AppIcon;
				INFOPLIST_FILE = "My-Hood/Info.plist";
				LD_RUNPATH_SEARCH_PATHS = "$(inherited) @executable_path/Frameworks";
				PRODUCT_BUNDLE_IDENTIFIER = "com.hoffman.My-Hood";
				PRODUCT_NAME = "$(TARGET_NAME)";
			};
			name = Release;
		};
/* End XCBuildConfiguration section */

/* Begin XCConfigurationList section */
		208569AB1D18E9AD00BF2280 /* Build configuration list for PBXProject "My-Hood" */ = {
			isa = XCConfigurationList;
			buildConfigurations = (
				208569C01D18E9AD00BF2280 /* Debug */,
				208569C11D18E9AD00BF2280 /* Release */,
			);
			defaultConfigurationIsVisible = 0;
			defaultConfigurationName = Release;
		};
		208569C21D18E9AD00BF2280 /* Build configuration list for PBXNativeTarget "My-Hood" */ = {
			isa = XCConfigurationList;
			buildConfigurations = (
				208569C31D18E9AD00BF2280 /* Debug */,
				208569C41D18E9AD00BF2280 /* Release */,
			);
			defaultConfigurationIsVisible = 0;
		};
/* End XCConfigurationList section */
	};
	rootObject = 208569A81D18E9AD00BF2280 /* Project object */;
}
